
Microsoft Visual Studio Solution File, Format Version 12.00
# Visual Studio 15
VisualStudioVersion = 15.0.28307.779
MinimumVisualStudioVersion = 10.0.40219.1
Project("{FAE04EC0-301F-11D3-BF4B-00C04F79EFBC}") = "AutoLotDAL", "AutoLotDAL\AutoLotDAL.csproj", "{74851367-3C45-4532-8396-9F4D6FD92C09}"
EndProject
Project("{FAE04EC0-301F-11D3-BF4B-00C04F79EFBC}") = "AutoLotTestDrive", "AutoLotTestDrive\AutoLotTestDrive.csproj", "{EF43B05C-A20B-4AD1-9DDE-E79AA8BE0E48}"
EndProject
Global
	GlobalSection(SolutionConfigurationPlatforms) = preSolution
		Debug|Any CPU = Debug|Any CPU
		Release|Any CPU = Release|Any CPU
	EndGlobalSection
	GlobalSection(ProjectConfigurationPlatforms) = postSolution
		{74851367-3C45-4532-8396-9F4D6FD92C09}.Debug|Any CPU.ActiveCfg = Debug|Any CPU
		{74851367-3C45-4532-8396-9F4D6FD92C09}.Debug|Any CPU.Build.0 = Debug|Any CPU
		{74851367-3C45-4532-8396-9F4D6FD92C09}.Release|Any CPU.ActiveCfg = Release|Any CPU
		{74851367-3C45-4532-8396-9F4D6FD92C09}.Release|Any CPU.Build.0 = Release|Any CPU
		{EF43B05C-A20B-4AD1-9DDE-E79AA8BE0E48}.Debug|Any CPU.ActiveCfg = Debug|Any CPU
		{EF43B05C-A20B-4AD1-9DDE-E79AA8BE0E48}.Debug|Any CPU.Build.0 = Debug|Any CPU
		{EF43B05C-A20B-4AD1-9DDE-E79AA8BE0E48}.Release|Any CPU.ActiveCfg = Release|Any CPU
		{EF43B05C-A20B-4AD1-9DDE-E79AA8BE0E48}.Release|Any CPU.Build.0 = Release|Any CPU
	EndGlobalSection
	GlobalSection(SolutionProperties) = preSolution
		HideSolutionNode = FALSE
	EndGlobalSection
	GlobalSection(ExtensibilityGlobals) = postSolution
		SolutionGuid = {EFAE6C02-4D32-489B-9427-153E9F6FA734}
	EndGlobalSection
EndGlobal
